
Microsoft Visual Studio Solution File, Format Version 12.00
# Visual Studio Version 17
VisualStudioVersion = 17.4.33122.133
MinimumVisualStudioVersion = 10.0.40219.1
Project("{9A19103F-16F7-4668-BE54-9A1E7A4F7556}") = "AlisverisProjesi", "AlisverisProjesi\AlisverisProjesi.csproj", "{490DE92C-F021-4564-A970-5A60AB267BB8}"
EndProject
Project("{2150E333-8FDC-42A3-9474-1A3956D46DE8}") = "Data", "Data", "{AB2FAA02-8024-4811-BDE3-40F210EA6E5F}"
EndProject
Project("{2150E333-8FDC-42A3-9474-1A3956D46DE8}") = "Presentation", "Presentation", "{A620EB31-C839-4703-96AD-663B1B20817C}"
EndProject
Project("{9A19103F-16F7-4668-BE54-9A1E7A4F7556}") = "Alisveris.Data", "Alisveris.Data\Alisveris.Data.csproj", "{066EC3A2-55CC-4840-A353-8423FADC87CC}"
EndProject
Project("{2150E333-8FDC-42A3-9474-1A3956D46DE8}") = "Business", "Business", "{879AFB21-3AD5-435C-9F0A-11B237A942EB}"
EndProject
Project("{FAE04EC0-301F-11D3-BF4B-00C04F79EFBC}") = "Alisveris.Business", "Alisveris.Business\Alisveris.Business.csproj", "{CD24404B-D65E-47FC-BE18-8B1455976C8E}"
EndProject
Global
	GlobalSection(SolutionConfigurationPlatforms) = preSolution
		Debug|Any CPU = Debug|Any CPU
		Release|Any CPU = Release|Any CPU
	EndGlobalSection
	GlobalSection(ProjectConfigurationPlatforms) = postSolution
		{490DE92C-F021-4564-A970-5A60AB267BB8}.Debug|Any CPU.ActiveCfg = Debug|Any CPU
		{490DE92C-F021-4564-A970-5A60AB267BB8}.Debug|Any CPU.Build.0 = Debug|Any CPU
		{490DE92C-F021-4564-A970-5A60AB267BB8}.Release|Any CPU.ActiveCfg = Release|Any CPU
		{490DE92C-F021-4564-A970-5A60AB267BB8}.Release|Any CPU.Build.0 = Release|Any CPU
		{066EC3A2-55CC-4840-A353-8423FADC87CC}.Debug|Any CPU.ActiveCfg = Debug|Any CPU
		{066EC3A2-55CC-4840-A353-8423FADC87CC}.Debug|Any CPU.Build.0 = Debug|Any CPU
		{066EC3A2-55CC-4840-A353-8423FADC87CC}.Release|Any CPU.ActiveCfg = Release|Any CPU
		{066EC3A2-55CC-4840-A353-8423FADC87CC}.Release|Any CPU.Build.0 = Release|Any CPU
		{CD24404B-D65E-47FC-BE18-8B1455976C8E}.Debug|Any CPU.ActiveCfg = Debug|Any CPU
		{CD24404B-D65E-47FC-BE18-8B1455976C8E}.Debug|Any CPU.Build.0 = Debug|Any CPU
		{CD24404B-D65E-47FC-BE18-8B1455976C8E}.Release|Any CPU.ActiveCfg = Release|Any CPU
		{CD24404B-D65E-47FC-BE18-8B1455976C8E}.Release|Any CPU.Build.0 = Release|Any CPU
	EndGlobalSection
	GlobalSection(SolutionProperties) = preSolution
		HideSolutionNode = FALSE
	EndGlobalSection
	GlobalSection(NestedProjects) = preSolution
		{490DE92C-F021-4564-A970-5A60AB267BB8} = {A620EB31-C839-4703-96AD-663B1B20817C}
		{066EC3A2-55CC-4840-A353-8423FADC87CC} = {AB2FAA02-8024-4811-BDE3-40F210EA6E5F}
		{CD24404B-D65E-47FC-BE18-8B1455976C8E} = {879AFB21-3AD5-435C-9F0A-11B237A942EB}
	EndGlobalSection
	GlobalSection(ExtensibilityGlobals) = postSolution
		SolutionGuid = {0C2F95ED-C355-4447-AF69-0563DD8F1AF4}
	EndGlobalSection
EndGlobal
